
Microsoft Visual Studio Solution File, Format Version 12.00
# Visual Studio Version 17
VisualStudioVersion = 17.9.34728.123
MinimumVisualStudioVersion = 10.0.40219.1
Project("{FAE04EC0-301F-11D3-BF4B-00C04F79EFBC}") = "CarProject", "CarProject\CarProject.csproj", "{DCDD3D1B-EC5A-484F-9394-AEC126C4FC09}"
EndProject
Global
	GlobalSection(SolutionConfigurationPlatforms) = preSolution
		Debug|Any CPU = Debug|Any CPU
		Release|Any CPU = Release|Any CPU
	EndGlobalSection
	GlobalSection(ProjectConfigurationPlatforms) = postSolution
		{DCDD3D1B-EC5A-484F-9394-AEC126C4FC09}.Debug|Any CPU.ActiveCfg = Debug|Any CPU
		{DCDD3D1B-EC5A-484F-9394-AEC126C4FC09}.Debug|Any CPU.Build.0 = Debug|Any CPU
		{DCDD3D1B-EC5A-484F-9394-AEC126C4FC09}.Release|Any CPU.ActiveCfg = Release|Any CPU
		{DCDD3D1B-EC5A-484F-9394-AEC126C4FC09}.Release|Any CPU.Build.0 = Release|Any CPU
	EndGlobalSection
	GlobalSection(SolutionProperties) = preSolution
		HideSolutionNode = FALSE
	EndGlobalSection
	GlobalSection(ExtensibilityGlobals) = postSolution
		SolutionGuid = {76B7AA84-9693-4657-8218-1668717512CC}
	EndGlobalSection
EndGlobal
